// !$*UTF8*$!
{
	archiveVersion = 1;
	classes = {
	};
	objectVersion = 50;
	objects = {

/* Begin PBXBuildFile section */
		37A891FC252F5E3B00C50BC6 /* AppDelegate.swift in Sources */ = {isa = PBXBuildFile; fileRef = 37A891FB252F5E3B00C50BC6 /* AppDelegate.swift */; };
		37A891FE252F5E3B00C50BC6 /* SceneDelegate.swift in Sources */ = {isa = PBXBuildFile; fileRef = 37A891FD252F5E3B00C50BC6 /* SceneDelegate.swift */; };
		37A89200252F5E3B00C50BC6 /* WeatherViewController.swift in Sources */ = {isa = PBXBuildFile; fileRef = 37A891FF252F5E3B00C50BC6 /* WeatherViewController.swift */; };
		37A89203252F5E3B00C50BC6 /* Main.storyboard in Resources */ = {isa = PBXBuildFile; fileRef = 37A89201252F5E3B00C50BC6 /* Main.storyboard */; };
		37A89205252F5E3D00C50BC6 /* Assets.xcassets in Resources */ = {isa = PBXBuildFile; fileRef = 37A89204252F5E3D00C50BC6 /* Assets.xcassets */; };
		37A89208252F5E3D00C50BC6 /* LaunchScreen.storyboard in Resources */ = {isa = PBXBuildFile; fileRef = 37A89206252F5E3D00C50BC6 /* LaunchScreen.storyboard */; };
		37A89213252FBB1400C50BC6 /* DatailViewController.swift in Sources */ = {isa = PBXBuildFile; fileRef = 37A89212252FBB1400C50BC6 /* DatailViewController.swift */; };
		37A89215252FF94300C50BC6 /* Weather.swift in Sources */ = {isa = PBXBuildFile; fileRef = 37A89214252FF94300C50BC6 /* Weather.swift */; };
		37A8921A252FFC3D00C50BC6 /* WeatherTableViewCell.swift in Sources */ = {isa = PBXBuildFile; fileRef = 37A89218252FFC3D00C50BC6 /* WeatherTableViewCell.swift */; };
		37A8921B252FFC3D00C50BC6 /* WeatherTableViewCell.xib in Resources */ = {isa = PBXBuildFile; fileRef = 37A89219252FFC3D00C50BC6 /* WeatherTableViewCell.xib */; };
		37A8921E252FFC9000C50BC6 /* HourlyTableViewCell.swift in Sources */ = {isa = PBXBuildFile; fileRef = 37A8921C252FFC8F00C50BC6 /* HourlyTableViewCell.swift */; };
		37A8921F252FFC9000C50BC6 /* HourlyTableViewCell.xib in Resources */ = {isa = PBXBuildFile; fileRef = 37A8921D252FFC8F00C50BC6 /* HourlyTableViewCell.xib */; };
/* End PBXBuildFile section */

/* Begin PBXFileReference section */
		37A891F8252F5E3B00C50BC6 /* ClimaApp.app */ = {isa = PBXFileReference; explicitFileType = wrapper.application; includeInIndex = 0; path = ClimaApp.app; sourceTree = BUILT_PRODUCTS_DIR; };
		37A891FB252F5E3B00C50BC6 /* AppDelegate.swift */ = {isa = PBXFileReference; lastKnownFileType = sourcecode.swift; path = AppDelegate.swift; sourceTree = "<group>"; };
		37A891FD252F5E3B00C50BC6 /* SceneDelegate.swift */ = {isa = PBXFileReference; lastKnownFileType = sourcecode.swift; path = SceneDelegate.swift; sourceTree = "<group>"; };
		37A891FF252F5E3B00C50BC6 /* WeatherViewController.swift */ = {isa = PBXFileReference; lastKnownFileType = sourcecode.swift; path = WeatherViewController.swift; sourceTree = "<group>"; };
		37A89202252F5E3B00C50BC6 /* Base */ = {isa = PBXFileReference; lastKnownFileType = file.storyboard; name = Base; path = Base.lproj/Main.storyboard; sourceTree = "<group>"; };
		37A89204252F5E3D00C50BC6 /* Assets.xcassets */ = {isa = PBXFileReference; lastKnownFileType = folder.assetcatalog; path = Assets.xcassets; sourceTree = "<group>"; };
		37A89207252F5E3D00C50BC6 /* Base */ = {isa = PBXFileReference; lastKnownFileType = file.storyboard; name = Base; path = Base.lproj/LaunchScreen.storyboard; sourceTree = "<group>"; };
		37A89209252F5E3D00C50BC6 /* Info.plist */ = {isa = PBXFileReference; lastKnownFileType = text.plist.xml; path = Info.plist; sourceTree = "<group>"; };
		37A89212252FBB1400C50BC6 /* DatailViewController.swift */ = {isa = PBXFileReference; lastKnownFileType = sourcecode.swift; path = DatailViewController.swift; sourceTree = "<group>"; };
		37A89214252FF94300C50BC6 /* Weather.swift */ = {isa = PBXFileReference; lastKnownFileType = sourcecode.swift; path = Weather.swift; sourceTree = "<group>"; };
		37A89218252FFC3D00C50BC6 /* WeatherTableViewCell.swift */ = {isa = PBXFileReference; lastKnownFileType = sourcecode.swift; path = WeatherTableViewCell.swift; sourceTree = "<group>"; };
		37A89219252FFC3D00C50BC6 /* WeatherTableViewCell.xib */ = {isa = PBXFileReference; lastKnownFileType = file.xib; path = WeatherTableViewCell.xib; sourceTree = "<group>"; };
		37A8921C252FFC8F00C50BC6 /* HourlyTableViewCell.swift */ = {isa = PBXFileReference; lastKnownFileType = sourcecode.swift; path = HourlyTableViewCell.swift; sourceTree = "<group>"; };
		37A8921D252FFC8F00C50BC6 /* HourlyTableViewCell.xib */ = {isa = PBXFileReference; lastKnownFileType = file.xib; path = HourlyTableViewCell.xib; sourceTree = "<group>"; };
/* End PBXFileReference section */

/* Begin PBXFrameworksBuildPhase section */
		37A891F5252F5E3B00C50BC6 /* Frameworks */ = {
			isa = PBXFrameworksBuildPhase;
			buildActionMask = 2147483647;
			files = (
			);
			runOnlyForDeploymentPostprocessing = 0;
		};
/* End PBXFrameworksBuildPhase section */

/* Begin PBXGroup section */
		37A891EF252F5E3B00C50BC6 = {
			isa = PBXGroup;
			children = (
				37A891FA252F5E3B00C50BC6 /* ClimaApp */,
				37A891F9252F5E3B00C50BC6 /* Products */,
			);
			sourceTree = "<group>";
		};
		37A891F9252F5E3B00C50BC6 /* Products */ = {
			isa = PBXGroup;
			children = (
				37A891F8252F5E3B00C50BC6 /* ClimaApp.app */,
			);
			name = Products;
			sourceTree = "<group>";
		};
		37A891FA252F5E3B00C50BC6 /* ClimaApp */ = {
			isa = PBXGroup;
			children = (
				37A89217252FFBCB00C50BC6 /* HourlyCollectionCell */,
				37A89216252FFBB500C50BC6 /* WeatherCell */,
				37A891FB252F5E3B00C50BC6 /* AppDelegate.swift */,
				37A891FD252F5E3B00C50BC6 /* SceneDelegate.swift */,
				37A89211252F93DF00C50BC6 /* Controller */,
				37A89210252F93D500C50BC6 /* View */,
				37A8920F252F93C600C50BC6 /* Model */,
				37A89209252F5E3D00C50BC6 /* Info.plist */,
			);
			path = ClimaApp;
			sourceTree = "<group>";
		};
		37A8920F252F93C600C50BC6 /* Model */ = {
			isa = PBXGroup;
			children = (
				37A89214252FF94300C50BC6 /* Weather.swift */,
			);
			path = Model;
			sourceTree = "<group>";
		};
		37A89210252F93D500C50BC6 /* View */ = {
			isa = PBXGroup;
			children = (
				37A89206252F5E3D00C50BC6 /* LaunchScreen.storyboard */,
				37A89204252F5E3D00C50BC6 /* Assets.xcassets */,
				37A89201252F5E3B00C50BC6 /* Main.storyboard */,
			);
			path = View;
			sourceTree = "<group>";
		};
		37A89211252F93DF00C50BC6 /* Controller */ = {
			isa = PBXGroup;
			children = (
				37A891FF252F5E3B00C50BC6 /* WeatherViewController.swift */,
				37A89212252FBB1400C50BC6 /* DatailViewController.swift */,
			);
			path = Controller;
			sourceTree = "<group>";
		};
		37A89216252FFBB500C50BC6 /* WeatherCell */ = {
			isa = PBXGroup;
			children = (
				37A89218252FFC3D00C50BC6 /* WeatherTableViewCell.swift */,
				37A89219252FFC3D00C50BC6 /* WeatherTableViewCell.xib */,
			);
			path = WeatherCell;
			sourceTree = "<group>";
		};
		37A89217252FFBCB00C50BC6 /* HourlyCollectionCell */ = {
			isa = PBXGroup;
			children = (
				37A8921C252FFC8F00C50BC6 /* HourlyTableViewCell.swift */,
				37A8921D252FFC8F00C50BC6 /* HourlyTableViewCell.xib */,
			);
			path = HourlyCollectionCell;
			sourceTree = "<group>";
		};
/* End PBXGroup section */

/* Begin PBXNativeTarget section */
		37A891F7252F5E3B00C50BC6 /* ClimaApp */ = {
			isa = PBXNativeTarget;
			buildConfigurationList = 37A8920C252F5E3D00C50BC6 /* Build configuration list for PBXNativeTarget "ClimaApp" */;
			buildPhases = (
				37A891F4252F5E3B00C50BC6 /* Sources */,
				37A891F5252F5E3B00C50BC6 /* Frameworks */,
				37A891F6252F5E3B00C50BC6 /* Resources */,
			);
			buildRules = (
			);
			dependencies = (
			);
			name = ClimaApp;
			productName = ClimaApp;
			productReference = 37A891F8252F5E3B00C50BC6 /* ClimaApp.app */;
			productType = "com.apple.product-type.application";
		};
/* End PBXNativeTarget section */

/* Begin PBXProject section */
		37A891F0252F5E3B00C50BC6 /* Project object */ = {
			isa = PBXProject;
			attributes = {
				LastSwiftUpdateCheck = 1170;
				LastUpgradeCheck = 1170;
				ORGANIZATIONNAME = "Ezequiel Parada";
				TargetAttributes = {
					37A891F7252F5E3B00C50BC6 = {
						CreatedOnToolsVersion = 11.7;
					};
				};
			};
			buildConfigurationList = 37A891F3252F5E3B00C50BC6 /* Build configuration list for PBXProject "ClimaApp" */;
			compatibilityVersion = "Xcode 9.3";
			developmentRegion = en;
			hasScannedForEncodings = 0;
			knownRegions = (
				en,
				Base,
			);
			mainGroup = 37A891EF252F5E3B00C50BC6;
			productRefGroup = 37A891F9252F5E3B00C50BC6 /* Products */;
			projectDirPath = "";
			projectRoot = "";
			targets = (
				37A891F7252F5E3B00C50BC6 /* ClimaApp */,
			);
		};
/* End PBXProject section */

/* Begin PBXResourcesBuildPhase section */
		37A891F6252F5E3B00C50BC6 /* Resources */ = {
			isa = PBXResourcesBuildPhase;
			buildActionMask = 2147483647;
			files = (
				37A8921B252FFC3D00C50BC6 /* WeatherTableViewCell.xib in Resources */,
				37A8921F252FFC9000C50BC6 /* HourlyTableViewCell.xib in Resources */,
				37A89208252F5E3D00C50BC6 /* LaunchScreen.storyboard in Resources */,
				37A89205252F5E3D00C50BC6 /* Assets.xcassets in Resources */,
				37A89203252F5E3B00C50BC6 /* Main.storyboard in Resources */,
			);
			runOnlyForDeploymentPostprocessing = 0;
		};
/* End PBXResourcesBuildPhase section */

/* Begin PBXSourcesBuildPhase section */
		37A891F4252F5E3B00C50BC6 /* Sources */ = {
			isa = PBXSourcesBuildPhase;
			buildActionMask = 2147483647;
			files = (
				37A8921A252FFC3D00C50BC6 /* WeatherTableViewCell.swift in Sources */,
				37A89200252F5E3B00C50BC6 /* WeatherViewController.swift in Sources */,
				37A891FC252F5E3B00C50BC6 /* AppDelegate.swift in Sources */,
				37A891FE252F5E3B00C50BC6 /* SceneDelegate.swift in Sources */,
				37A89213252FBB1400C50BC6 /* DatailViewController.swift in Sources */,
				37A8921E252FFC9000C50BC6 /* HourlyTableViewCell.swift in Sources */,
				37A89215252FF94300C50BC6 /* Weather.swift in Sources */,
			);
			runOnlyForDeploymentPostprocessing = 0;
		};
/* End PBXSourcesBuildPhase section */

/* Begin PBXVariantGroup section */
		37A89201252F5E3B00C50BC6 /* Main.storyboard */ = {
			isa = PBXVariantGroup;
			children = (
				37A89202252F5E3B00C50BC6 /* Base */,
			);
			name = Main.storyboard;
			sourceTree = "<group>";
		};
		37A89206252F5E3D00C50BC6 /* LaunchScreen.storyboard */ = {
			isa = PBXVariantGroup;
			children = (
				37A89207252F5E3D00C50BC6 /* Base */,
			);
			name = LaunchScreen.storyboard;
			sourceTree = "<group>";
		};
/* End PBXVariantGroup section */

/* Begin XCBuildConfiguration section */
		37A8920A252F5E3D00C50BC6 /* Debug */ = {
			isa = XCBuildConfiguration;
			buildSettings = {
				ALWAYS_SEARCH_USER_PATHS = NO;
				CLANG_ANALYZER_NONNULL = YES;
				CLANG_ANALYZER_NUMBER_OBJECT_CONVERSION = YES_AGGRESSIVE;
				CLANG_CXX_LANGUAGE_STANDARD = "gnu++14";
				CLANG_CXX_LIBRARY = "libc++";
				CLANG_ENABLE_MODULES = YES;
				CLANG_ENABLE_OBJC_ARC = YES;
				CLANG_ENABLE_OBJC_WEAK = YES;
				CLANG_WARN_BLOCK_CAPTURE_AUTORELEASING = YES;
				CLANG_WARN_BOOL_CONVERSION = YES;
				CLANG_WARN_COMMA = YES;
				CLANG_WARN_CONSTANT_CONVERSION = YES;
				CLANG_WARN_DEPRECATED_OBJC_IMPLEMENTATIONS = YES;
				CLANG_WARN_DIRECT_OBJC_ISA_USAGE = YES_ERROR;
				CLANG_WARN_DOCUMENTATION_COMMENTS = YES;
				CLANG_WARN_EMPTY_BODY = YES;
				CLANG_WARN_ENUM_CONVERSION = YES;
				CLANG_WARN_INFINITE_RECURSION = YES;
				CLANG_WARN_INT_CONVERSION = YES;
				CLANG_WARN_NON_LITERAL_NULL_CONVERSION = YES;
				CLANG_WARN_OBJC_IMPLICIT_RETAIN_SELF = YES;
				CLANG_WARN_OBJC_LITERAL_CONVERSION = YES;
				CLANG_WARN_OBJC_ROOT_CLASS = YES_ERROR;
				CLANG_WARN_RANGE_LOOP_ANALYSIS = YES;
				CLANG_WARN_STRICT_PROTOTYPES = YES;
				CLANG_WARN_SUSPICIOUS_MOVE = YES;
				CLANG_WARN_UNGUARDED_AVAILABILITY = YES_AGGRESSIVE;
				CLANG_WARN_UNREACHABLE_CODE = YES;
				CLANG_WARN__DUPLICATE_METHOD_MATCH = YES;
				COPY_PHASE_STRIP = NO;
				DEBUG_INFORMATION_FORMAT = dwarf;
				ENABLE_STRICT_OBJC_MSGSEND = YES;
				ENABLE_TESTABILITY = YES;
				GCC_C_LANGUAGE_STANDARD = gnu11;
				GCC_DYNAMIC_NO_PIC = NO;
				GCC_NO_COMMON_BLOCKS = YES;
				GCC_OPTIMIZATION_LEVEL = 0;
				GCC_PREPROCESSOR_DEFINITIONS = (
					"DEBUG=1",
					"$(inherited)",
				);
				GCC_WARN_64_TO_32_BIT_CONVERSION = YES;
				GCC_WARN_ABOUT_RETURN_TYPE = YES_ERROR;
				GCC_WARN_UNDECLARED_SELECTOR = YES;
				GCC_WARN_UNINITIALIZED_AUTOS = YES_AGGRESSIVE;
				GCC_WARN_UNUSED_FUNCTION = YES;
				GCC_WARN_UNUSED_VARIABLE = YES;
				IPHONEOS_DEPLOYMENT_TARGET = 13.7;
				MTL_ENABLE_DEBUG_INFO = INCLUDE_SOURCE;
				MTL_FAST_MATH = YES;
				ONLY_ACTIVE_ARCH = YES;
				SDKROOT = iphoneos;
				SWIFT_ACTIVE_COMPILATION_CONDITIONS = DEBUG;
				SWIFT_OPTIMIZATION_LEVEL = "-Onone";
			};
			name = Debug;
		};
		37A8920B252F5E3D00C50BC6 /* Release */ = {
			isa = XCBuildConfiguration;
			buildSettings = {
				ALWAYS_SEARCH_USER_PATHS = NO;
				CLANG_ANALYZER_NONNULL = YES;
				CLANG_ANALYZER_NUMBER_OBJECT_CONVERSION = YES_AGGRESSIVE;
				CLANG_CXX_LANGUAGE_STANDARD = "gnu++14";
				CLANG_CXX_LIBRARY = "libc++";
				CLANG_ENABLE_MODULES = YES;
				CLANG_ENABLE_OBJC_ARC = YES;
				CLANG_ENABLE_OBJC_WEAK = YES;
				CLANG_WARN_BLOCK_CAPTURE_AUTORELEASING = YES;
				CLANG_WARN_BOOL_CONVERSION = YES;
				CLANG_WARN_COMMA = YES;
				CLANG_WARN_CONSTANT_CONVERSION = YES;
				CLANG_WARN_DEPRECATED_OBJC_IMPLEMENTATIONS = YES;
				CLANG_WARN_DIRECT_OBJC_ISA_USAGE = YES_ERROR;
				CLANG_WARN_DOCUMENTATION_COMMENTS = YES;
				CLANG_WARN_EMPTY_BODY = YES;
				CLANG_WARN_ENUM_CONVERSION = YES;
				CLANG_WARN_INFINITE_RECURSION = YES;
				CLANG_WARN_INT_CONVERSION = YES;
				CLANG_WARN_NON_LITERAL_NULL_CONVERSION = YES;
				CLANG_WARN_OBJC_IMPLICIT_RETAIN_SELF = YES;
				CLANG_WARN_OBJC_LITERAL_CONVERSION = YES;
				CLANG_WARN_OBJC_ROOT_CLASS = YES_ERROR;
				CLANG_WARN_RANGE_LOOP_ANALYSIS = YES;
				CLANG_WARN_STRICT_PROTOTYPES = YES;
				CLANG_WARN_SUSPICIOUS_MOVE = YES;
				CLANG_WARN_UNGUARDED_AVAILABILITY = YES_AGGRESSIVE;
				CLANG_WARN_UNREACHABLE_CODE = YES;
				CLANG_WARN__DUPLICATE_METHOD_MATCH = YES;
				COPY_PHASE_STRIP = NO;
				DEBUG_INFORMATION_FORMAT = "dwarf-with-dsym";
				ENABLE_NS_ASSERTIONS = NO;
				ENABLE_STRICT_OBJC_MSGSEND = YES;
				GCC_C_LANGUAGE_STANDARD = gnu11;
				GCC_NO_COMMON_BLOCKS = YES;
				GCC_WARN_64_TO_32_BIT_CONVERSION = YES;
				GCC_WARN_ABOUT_RETURN_TYPE = YES_ERROR;
				GCC_WARN_UNDECLARED_SELECTOR = YES;
				GCC_WARN_UNINITIALIZED_AUTOS = YES_AGGRESSIVE;
				GCC_WARN_UNUSED_FUNCTION = YES;
				GCC_WARN_UNUSED_VARIABLE = YES;
				IPHONEOS_DEPLOYMENT_TARGET = 13.7;
				MTL_ENABLE_DEBUG_INFO = NO;
				MTL_FAST_MATH = YES;
				SDKROOT = iphoneos;
				SWIFT_COMPILATION_MODE = wholemodule;
				SWIFT_OPTIMIZATION_LEVEL = "-O";
				VALIDATE_PRODUCT = YES;
			};
			name = Release;
		};
		37A8920D252F5E3D00C50BC6 /* Debug */ = {
			isa = XCBuildConfiguration;
			buildSettings = {
				ASSETCATALOG_COMPILER_APPICON_NAME = AppIcon;
				CODE_SIGN_STYLE = Automatic;
				DEVELOPMENT_TEAM = 8PF4PD98CF;
				INFOPLIST_FILE = ClimaApp/Info.plist;
				IPHONEOS_DEPLOYMENT_TARGET = 13.0;
				LD_RUNPATH_SEARCH_PATHS = (
					"$(inherited)",
					"@executable_path/Frameworks",
				);
				PRODUCT_BUNDLE_IDENTIFIER = com.paradabeltran.ClimaApp;
				PRODUCT_NAME = "$(TARGET_NAME)";
				SWIFT_VERSION = 5.0;
				TARGETED_DEVICE_FAMILY = 1;
			};
			name = Debug;
		};
		37A8920E252F5E3D00C50BC6 /* Release */ = {
			isa = XCBuildConfiguration;
			buildSettings = {
				ASSETCATALOG_COMPILER_APPICON_NAME = AppIcon;
				CODE_SIGN_STYLE = Automatic;
				DEVELOPMENT_TEAM = 8PF4PD98CF;
				INFOPLIST_FILE = ClimaApp/Info.plist;
				IPHONEOS_DEPLOYMENT_TARGET = 13.0;
				LD_RUNPATH_SEARCH_PATHS = (
					"$(inherited)",
					"@executable_path/Frameworks",
				);
				PRODUCT_BUNDLE_IDENTIFIER = com.paradabeltran.ClimaApp;
				PRODUCT_NAME = "$(TARGET_NAME)";
				SWIFT_VERSION = 5.0;
				TARGETED_DEVICE_FAMILY = 1;
			};
			name = Release;
		};
/* End XCBuildConfiguration section */

/* Begin XCConfigurationList section */
		37A891F3252F5E3B00C50BC6 /* Build configuration list for PBXProject "ClimaApp" */ = {
			isa = XCConfigurationList;
			buildConfigurations = (
				37A8920A252F5E3D00C50BC6 /* Debug */,
				37A8920B252F5E3D00C50BC6 /* Release */,
			);
			defaultConfigurationIsVisible = 0;
			defaultConfigurationName = Release;
		};
		37A8920C252F5E3D00C50BC6 /* Build configuration list for PBXNativeTarget "ClimaApp" */ = {
			isa = XCConfigurationList;
			buildConfigurations = (
				37A8920D252F5E3D00C50BC6 /* Debug */,
				37A8920E252F5E3D00C50BC6 /* Release */,
			);
			defaultConfigurationIsVisible = 0;
			defaultConfigurationName = Release;
		};
/* End XCConfigurationList section */
	};
	rootObject = 37A891F0252F5E3B00C50BC6 /* Project object */;
}
